
Microsoft Visual Studio Solution File, Format Version 12.00
# Visual Studio 2012
Project("{FAE04EC0-301F-11D3-BF4B-00C04F79EFBC}") = "Game.WebApp", "Game.WebApp\Game.WebApp.csproj", "{FB10B772-5F17-49E6-8C0E-C0E744CD8B9C}"
EndProject
Project("{FAE04EC0-301F-11D3-BF4B-00C04F79EFBC}") = "Game", "Game\Game.csproj", "{857B692E-6BBB-4AD5-9050-E7A07986E86F}"
EndProject
Project("{FAE04EC0-301F-11D3-BF4B-00C04F79EFBC}") = "Game.Tests", "Game.Tests\Game.Tests.csproj", "{763ACD87-F684-44E7-B39D-B360FFE0D4E8}"
EndProject
Project("{FAE04EC0-301F-11D3-BF4B-00C04F79EFBC}") = "Game.App.Console", "Game.App.Console\Game.App.Console.csproj", "{3CD50B0F-E79D-458D-BA0C-492718C17589}"
EndProject
Global
	GlobalSection(SolutionConfigurationPlatforms) = preSolution
		Debug|Any CPU = Debug|Any CPU
		Release|Any CPU = Release|Any CPU
	EndGlobalSection
	GlobalSection(ProjectConfigurationPlatforms) = postSolution
		{FB10B772-5F17-49E6-8C0E-C0E744CD8B9C}.Debug|Any CPU.ActiveCfg = Debug|Any CPU
		{FB10B772-5F17-49E6-8C0E-C0E744CD8B9C}.Debug|Any CPU.Build.0 = Debug|Any CPU
		{FB10B772-5F17-49E6-8C0E-C0E744CD8B9C}.Release|Any CPU.ActiveCfg = Release|Any CPU
		{FB10B772-5F17-49E6-8C0E-C0E744CD8B9C}.Release|Any CPU.Build.0 = Release|Any CPU
		{857B692E-6BBB-4AD5-9050-E7A07986E86F}.Debug|Any CPU.ActiveCfg = Debug|Any CPU
		{857B692E-6BBB-4AD5-9050-E7A07986E86F}.Debug|Any CPU.Build.0 = Debug|Any CPU
		{857B692E-6BBB-4AD5-9050-E7A07986E86F}.Release|Any CPU.ActiveCfg = Release|Any CPU
		{857B692E-6BBB-4AD5-9050-E7A07986E86F}.Release|Any CPU.Build.0 = Release|Any CPU
		{763ACD87-F684-44E7-B39D-B360FFE0D4E8}.Debug|Any CPU.ActiveCfg = Debug|Any CPU
		{763ACD87-F684-44E7-B39D-B360FFE0D4E8}.Debug|Any CPU.Build.0 = Debug|Any CPU
		{763ACD87-F684-44E7-B39D-B360FFE0D4E8}.Release|Any CPU.ActiveCfg = Release|Any CPU
		{763ACD87-F684-44E7-B39D-B360FFE0D4E8}.Release|Any CPU.Build.0 = Release|Any CPU
		{3CD50B0F-E79D-458D-BA0C-492718C17589}.Debug|Any CPU.ActiveCfg = Debug|Any CPU
		{3CD50B0F-E79D-458D-BA0C-492718C17589}.Debug|Any CPU.Build.0 = Debug|Any CPU
		{3CD50B0F-E79D-458D-BA0C-492718C17589}.Release|Any CPU.ActiveCfg = Release|Any CPU
		{3CD50B0F-E79D-458D-BA0C-492718C17589}.Release|Any CPU.Build.0 = Release|Any CPU
	EndGlobalSection
	GlobalSection(SolutionProperties) = preSolution
		HideSolutionNode = FALSE
	EndGlobalSection
EndGlobal
